
Microsoft Visual Studio Solution File, Format Version 12.00
# Visual Studio Version 17
VisualStudioVersion = 17.5.002.0
MinimumVisualStudioVersion = 10.0.40219.1
Project("{9A19103F-16F7-4668-BE54-9A1E7A4F7556}") = "Swar.API", "Swar.API.csproj", "{1FD8EBA5-0FC9-4F5C-8A92-981F15FB970F}"
EndProject
Global
	GlobalSection(SolutionConfigurationPlatforms) = preSolution
		Debug|Any CPU = Debug|Any CPU
		Release|Any CPU = Release|Any CPU
	EndGlobalSection
	GlobalSection(ProjectConfigurationPlatforms) = postSolution
		{1FD8EBA5-0FC9-4F5C-8A92-981F15FB970F}.Debug|Any CPU.ActiveCfg = Debug|Any CPU
		{1FD8EBA5-0FC9-4F5C-8A92-981F15FB970F}.Debug|Any CPU.Build.0 = Debug|Any CPU
		{1FD8EBA5-0FC9-4F5C-8A92-981F15FB970F}.Release|Any CPU.ActiveCfg = Release|Any CPU
		{1FD8EBA5-0FC9-4F5C-8A92-981F15FB970F}.Release|Any CPU.Build.0 = Release|Any CPU
	EndGlobalSection
	GlobalSection(SolutionProperties) = preSolution
		HideSolutionNode = FALSE
	EndGlobalSection
	GlobalSection(ExtensibilityGlobals) = postSolution
		SolutionGuid = {BB58C223-BBE9-4E70-8F8B-2FE8B072AC19}
	EndGlobalSection
EndGlobal
